{
  "requires": true,
  "lockfileVersion": 1,
  "dependencies": {
    "pagination": {
      "version": "0.4.6",
      "resolved": "https://registry.npmjs.org/pagination/-/pagination-0.4.6.tgz",
      "integrity": "sha512-TnZ3l17uuC5H9Wlc9FMYuEi65JlUCSn1ZAbnLnvUGkR7RgaFknUNGQTEumhjq1Jy1ePkXSiYUFFbHH70LGb9dA=="
    }
  }
}
